// !$*UTF8*$!
{
	archiveVersion = 1;
	classes = {
	};
	objectVersion = 56;
	objects = {

/* Begin PBXBuildFile section */
		191745362CACBC9700ECC352 /* LoginView.swift in Sources */ = {isa = PBXBuildFile; fileRef = 191745352CACBC9300ECC352 /* LoginView.swift */; };
		195087992CAF60F900AB3EE3 /* ChangePasswordView.swift in Sources */ = {isa = PBXBuildFile; fileRef = 195087982CAF60ED00AB3EE3 /* ChangePasswordView.swift */; };
		1950879D2CAF646C00AB3EE3 /* ChangeEmailView.swift in Sources */ = {isa = PBXBuildFile; fileRef = 1950879C2CAF646800AB3EE3 /* ChangeEmailView.swift */; };
		7C0B1FC62C9CB17E0076B590 /* SelfProfileView.swift in Sources */ = {isa = PBXBuildFile; fileRef = 7C0B1FC52C9CB17E0076B590 /* SelfProfileView.swift */; };
		7C0B1FC82C9CB1950076B590 /* FriendProfileView.swift in Sources */ = {isa = PBXBuildFile; fileRef = 7C0B1FC72C9CB1950076B590 /* FriendProfileView.swift */; };
		7C0B1FCA2C9CB1AB0076B590 /* SettingsView.swift in Sources */ = {isa = PBXBuildFile; fileRef = 7C0B1FC92C9CB1AB0076B590 /* SettingsView.swift */; };
		7C0B1FCC2C9CB1C30076B590 /* ManageFriendsView.swift in Sources */ = {isa = PBXBuildFile; fileRef = 7C0B1FCB2C9CB1C30076B590 /* ManageFriendsView.swift */; };
		7C0B1FCF2C9CB1F00076B590 /* HomeView.swift in Sources */ = {isa = PBXBuildFile; fileRef = 7C0B1FCE2C9CB1F00076B590 /* HomeView.swift */; };
		7C0B1FD12C9CB2050076B590 /* ChallengeListView.swift in Sources */ = {isa = PBXBuildFile; fileRef = 7C0B1FD02C9CB2050076B590 /* ChallengeListView.swift */; };
		7C0B1FD32C9CB2110076B590 /* ChallengeView.swift in Sources */ = {isa = PBXBuildFile; fileRef = 7C0B1FD22C9CB2110076B590 /* ChallengeView.swift */; };
		7C0B1FD52C9CB2270076B590 /* CreateChallengeView.swift in Sources */ = {isa = PBXBuildFile; fileRef = 7C0B1FD42C9CB2270076B590 /* CreateChallengeView.swift */; };
		7C0B1FD72C9CB24E0076B590 /* ExploreChallengeView.swift in Sources */ = {isa = PBXBuildFile; fileRef = 7C0B1FD62C9CB24E0076B590 /* ExploreChallengeView.swift */; };
		7C0B1FD92C9CB61C0076B590 /* ViewModel.swift in Sources */ = {isa = PBXBuildFile; fileRef = 7C0B1FD82C9CB61C0076B590 /* ViewModel.swift */; };
		7C0B1FDB2C9CE9270076B590 /* User.swift in Sources */ = {isa = PBXBuildFile; fileRef = 7C0B1FDA2C9CE9270076B590 /* User.swift */; };
		96354F592CA38686003DD6F8 /* ChalLeaderboardView.swift in Sources */ = {isa = PBXBuildFile; fileRef = 96354F582CA3867E003DD6F8 /* ChalLeaderboardView.swift */; };
		AAA11A552CAF64CC00445880 /* AddFriendsView.swift in Sources */ = {isa = PBXBuildFile; fileRef = AAA11A542CAF64CC00445880 /* AddFriendsView.swift */; };
		B5B40E672C94EAE100BD9131 /* LoopApp.swift in Sources */ = {isa = PBXBuildFile; fileRef = B5B40E662C94EAE100BD9131 /* LoopApp.swift */; };
		B5B40E692C94EAE100BD9131 /* ContentView.swift in Sources */ = {isa = PBXBuildFile; fileRef = B5B40E682C94EAE100BD9131 /* ContentView.swift */; };
		B5B40E6B2C94EAE400BD9131 /* Assets.xcassets in Resources */ = {isa = PBXBuildFile; fileRef = B5B40E6A2C94EAE400BD9131 /* Assets.xcassets */; };
		B5B40E6F2C94EAE400BD9131 /* Preview Assets.xcassets in Resources */ = {isa = PBXBuildFile; fileRef = B5B40E6E2C94EAE400BD9131 /* Preview Assets.xcassets */; };
		BF0FEFFA2CACA1E3002B4C58 /* Activity.swift in Sources */ = {isa = PBXBuildFile; fileRef = BF0FEFF92CACA1E1002B4C58 /* Activity.swift */; };
		BF95889B2C99E6DC00FF34A1 /* GoogleService-Info.plist in Resources */ = {isa = PBXBuildFile; fileRef = BF95889A2C99E6DC00FF34A1 /* GoogleService-Info.plist */; };
		BF95889E2C99E73100FF34A1 /* FirebaseAnalytics in Frameworks */ = {isa = PBXBuildFile; productRef = BF95889D2C99E73100FF34A1 /* FirebaseAnalytics */; };
		BF9588A02C99E73100FF34A1 /* FirebaseAuth in Frameworks */ = {isa = PBXBuildFile; productRef = BF95889F2C99E73100FF34A1 /* FirebaseAuth */; };
		BF9588A22C99E73100FF34A1 /* FirebaseDatabase in Frameworks */ = {isa = PBXBuildFile; productRef = BF9588A12C99E73100FF34A1 /* FirebaseDatabase */; };
		BF9588A42C99E73100FF34A1 /* FirebaseFirestore in Frameworks */ = {isa = PBXBuildFile; productRef = BF9588A32C99E73100FF34A1 /* FirebaseFirestore */; };
		BF9588A62C99E73100FF34A1 /* FirebaseStorage in Frameworks */ = {isa = PBXBuildFile; productRef = BF9588A52C99E73100FF34A1 /* FirebaseStorage */; };
		D49F42062CA20A86003607BB /* Theme.swift in Sources */ = {isa = PBXBuildFile; fileRef = D49F42052CA20A86003607BB /* Theme.swift */; };
		D49F420A2CA20BCA003607BB /* Challenge.swift in Sources */ = {isa = PBXBuildFile; fileRef = D49F42092CA20BCA003607BB /* Challenge.swift */; };
		D49F420C2CA20C03003607BB /* CardView.swift in Sources */ = {isa = PBXBuildFile; fileRef = D49F420B2CA20C03003607BB /* CardView.swift */; };
		DF1CD2B02CACB98D00451888 /* FeedView.swift in Sources */ = {isa = PBXBuildFile; fileRef = DF1CD2AF2CACB98D00451888 /* FeedView.swift */; };
		DF1CD2B22CACB9C200451888 /* FeedViewModel.swift in Sources */ = {isa = PBXBuildFile; fileRef = DF1CD2B12CACB9C200451888 /* FeedViewModel.swift */; };
		E25FF94C2CA61DC2006FF61C /* ImagePicker.swift in Sources */ = {isa = PBXBuildFile; fileRef = E25FF94B2CA61DC2006FF61C /* ImagePicker.swift */; };
		E25FF94E2CA629C2006FF61C /* FirebaseUploader.swift in Sources */ = {isa = PBXBuildFile; fileRef = E25FF94D2CA629C2006FF61C /* FirebaseUploader.swift */; };
/* End PBXBuildFile section */

/* Begin PBXFileReference section */
		191745352CACBC9300ECC352 /* LoginView.swift */ = {isa = PBXFileReference; lastKnownFileType = sourcecode.swift; path = LoginView.swift; sourceTree = "<group>"; };
		195087982CAF60ED00AB3EE3 /* ChangePasswordView.swift */ = {isa = PBXFileReference; lastKnownFileType = sourcecode.swift; path = ChangePasswordView.swift; sourceTree = "<group>"; };
		1950879C2CAF646800AB3EE3 /* ChangeEmailView.swift */ = {isa = PBXFileReference; lastKnownFileType = sourcecode.swift; path = ChangeEmailView.swift; sourceTree = "<group>"; };
		7C0B1FC52C9CB17E0076B590 /* SelfProfileView.swift */ = {isa = PBXFileReference; lastKnownFileType = sourcecode.swift; path = SelfProfileView.swift; sourceTree = "<group>"; };
		7C0B1FC72C9CB1950076B590 /* FriendProfileView.swift */ = {isa = PBXFileReference; lastKnownFileType = sourcecode.swift; path = FriendProfileView.swift; sourceTree = "<group>"; };
		7C0B1FC92C9CB1AB0076B590 /* SettingsView.swift */ = {isa = PBXFileReference; lastKnownFileType = sourcecode.swift; path = SettingsView.swift; sourceTree = "<group>"; };
		7C0B1FCB2C9CB1C30076B590 /* ManageFriendsView.swift */ = {isa = PBXFileReference; lastKnownFileType = sourcecode.swift; path = ManageFriendsView.swift; sourceTree = "<group>"; };
		7C0B1FCE2C9CB1F00076B590 /* HomeView.swift */ = {isa = PBXFileReference; lastKnownFileType = sourcecode.swift; path = HomeView.swift; sourceTree = "<group>"; };
		7C0B1FD02C9CB2050076B590 /* ChallengeListView.swift */ = {isa = PBXFileReference; lastKnownFileType = sourcecode.swift; path = ChallengeListView.swift; sourceTree = "<group>"; };
		7C0B1FD22C9CB2110076B590 /* ChallengeView.swift */ = {isa = PBXFileReference; lastKnownFileType = sourcecode.swift; path = ChallengeView.swift; sourceTree = "<group>"; };
		7C0B1FD42C9CB2270076B590 /* CreateChallengeView.swift */ = {isa = PBXFileReference; lastKnownFileType = sourcecode.swift; path = CreateChallengeView.swift; sourceTree = "<group>"; };
		7C0B1FD62C9CB24E0076B590 /* ExploreChallengeView.swift */ = {isa = PBXFileReference; lastKnownFileType = sourcecode.swift; path = ExploreChallengeView.swift; sourceTree = "<group>"; };
		7C0B1FD82C9CB61C0076B590 /* ViewModel.swift */ = {isa = PBXFileReference; lastKnownFileType = sourcecode.swift; path = ViewModel.swift; sourceTree = "<group>"; };
		7C0B1FDA2C9CE9270076B590 /* User.swift */ = {isa = PBXFileReference; lastKnownFileType = sourcecode.swift; path = User.swift; sourceTree = "<group>"; };
		96354F582CA3867E003DD6F8 /* ChalLeaderboardView.swift */ = {isa = PBXFileReference; lastKnownFileType = sourcecode.swift; path = ChalLeaderboardView.swift; sourceTree = "<group>"; };
		AAA11A542CAF64CC00445880 /* AddFriendsView.swift */ = {isa = PBXFileReference; lastKnownFileType = sourcecode.swift; path = AddFriendsView.swift; sourceTree = "<group>"; };
		B5B40E632C94EAE100BD9131 /* Loop.app */ = {isa = PBXFileReference; explicitFileType = wrapper.application; includeInIndex = 0; path = Loop.app; sourceTree = BUILT_PRODUCTS_DIR; };
		B5B40E662C94EAE100BD9131 /* LoopApp.swift */ = {isa = PBXFileReference; lastKnownFileType = sourcecode.swift; path = LoopApp.swift; sourceTree = "<group>"; };
		B5B40E682C94EAE100BD9131 /* ContentView.swift */ = {isa = PBXFileReference; lastKnownFileType = sourcecode.swift; path = ContentView.swift; sourceTree = "<group>"; };
		B5B40E6A2C94EAE400BD9131 /* Assets.xcassets */ = {isa = PBXFileReference; lastKnownFileType = folder.assetcatalog; path = Assets.xcassets; sourceTree = "<group>"; };
		B5B40E6C2C94EAE400BD9131 /* Loop.entitlements */ = {isa = PBXFileReference; lastKnownFileType = text.plist.entitlements; path = Loop.entitlements; sourceTree = "<group>"; };
		B5B40E6E2C94EAE400BD9131 /* Preview Assets.xcassets */ = {isa = PBXFileReference; lastKnownFileType = folder.assetcatalog; path = "Preview Assets.xcassets"; sourceTree = "<group>"; };
		BF0FEFF92CACA1E1002B4C58 /* Activity.swift */ = {isa = PBXFileReference; lastKnownFileType = sourcecode.swift; path = Activity.swift; sourceTree = "<group>"; };
		BF95889A2C99E6DC00FF34A1 /* GoogleService-Info.plist */ = {isa = PBXFileReference; fileEncoding = 4; lastKnownFileType = text.plist.xml; path = "GoogleService-Info.plist"; sourceTree = "<group>"; };
		D49F42052CA20A86003607BB /* Theme.swift */ = {isa = PBXFileReference; lastKnownFileType = sourcecode.swift; path = Theme.swift; sourceTree = "<group>"; };
		D49F42092CA20BCA003607BB /* Challenge.swift */ = {isa = PBXFileReference; lastKnownFileType = sourcecode.swift; path = Challenge.swift; sourceTree = "<group>"; };
		D49F420B2CA20C03003607BB /* CardView.swift */ = {isa = PBXFileReference; lastKnownFileType = sourcecode.swift; path = CardView.swift; sourceTree = "<group>"; };
		DF1CD2AF2CACB98D00451888 /* FeedView.swift */ = {isa = PBXFileReference; lastKnownFileType = sourcecode.swift; path = FeedView.swift; sourceTree = "<group>"; };
		DF1CD2B12CACB9C200451888 /* FeedViewModel.swift */ = {isa = PBXFileReference; lastKnownFileType = sourcecode.swift; path = FeedViewModel.swift; sourceTree = "<group>"; };
		E25FF94B2CA61DC2006FF61C /* ImagePicker.swift */ = {isa = PBXFileReference; lastKnownFileType = sourcecode.swift; path = ImagePicker.swift; sourceTree = "<group>"; };
		E25FF94D2CA629C2006FF61C /* FirebaseUploader.swift */ = {isa = PBXFileReference; lastKnownFileType = sourcecode.swift; path = FirebaseUploader.swift; sourceTree = "<group>"; };
/* End PBXFileReference section */

/* Begin PBXFrameworksBuildPhase section */
		B5B40E602C94EAE100BD9131 /* Frameworks */ = {
			isa = PBXFrameworksBuildPhase;
			buildActionMask = 2147483647;
			files = (
				BF9588A22C99E73100FF34A1 /* FirebaseDatabase in Frameworks */,
				BF9588A42C99E73100FF34A1 /* FirebaseFirestore in Frameworks */,
				BF95889E2C99E73100FF34A1 /* FirebaseAnalytics in Frameworks */,
				BF9588A62C99E73100FF34A1 /* FirebaseStorage in Frameworks */,
				BF9588A02C99E73100FF34A1 /* FirebaseAuth in Frameworks */,
			);
			runOnlyForDeploymentPostprocessing = 0;
		};
/* End PBXFrameworksBuildPhase section */

/* Begin PBXGroup section */
		7C0B1FBE2C9CB05E0076B590 /* Views */ = {
			isa = PBXGroup;
			children = (
				DF1CD2AE2CACB97800451888 /* HomePage */,
				7C0B1FC32C9CB0880076B590 /* Profile */,
				7C0B1FC22C9CB07F0076B590 /* Activities */,
				7C0B1FC12C9CB0770076B590 /* Challenges */,
			);
			path = Views;
			sourceTree = "<group>";
		};
		7C0B1FBF2C9CB0630076B590 /* ViewModels */ = {
			isa = PBXGroup;
			children = (
				7C0B1FD82C9CB61C0076B590 /* ViewModel.swift */,
				DF1CD2B12CACB9C200451888 /* FeedViewModel.swift */,
			);
			path = ViewModels;
			sourceTree = "<group>";
		};
		7C0B1FC02C9CB06A0076B590 /* Models */ = {
			isa = PBXGroup;
			children = (
				BF0FEFF92CACA1E1002B4C58 /* Activity.swift */,
				D49F42092CA20BCA003607BB /* Challenge.swift */,
				7C0B1FDA2C9CE9270076B590 /* User.swift */,
			);
			path = Models;
			sourceTree = "<group>";
		};
		7C0B1FC12C9CB0770076B590 /* Challenges */ = {
			isa = PBXGroup;
			children = (
				D49F42042CA20A62003607BB /* Models */,
				96354F582CA3867E003DD6F8 /* ChalLeaderboardView.swift */,
				7C0B1FD02C9CB2050076B590 /* ChallengeListView.swift */,
				7C0B1FD22C9CB2110076B590 /* ChallengeView.swift */,
				7C0B1FD42C9CB2270076B590 /* CreateChallengeView.swift */,
				7C0B1FD62C9CB24E0076B590 /* ExploreChallengeView.swift */,
				D49F420B2CA20C03003607BB /* CardView.swift */,
			);
			path = Challenges;
			sourceTree = "<group>";
		};
		7C0B1FC22C9CB07F0076B590 /* Activities */ = {
			isa = PBXGroup;
			children = (
				7C0B1FCE2C9CB1F00076B590 /* HomeView.swift */,
			);
			path = Activities;
			sourceTree = "<group>";
		};
		7C0B1FC32C9CB0880076B590 /* Profile */ = {
			isa = PBXGroup;
			children = (
				7C0B1FC52C9CB17E0076B590 /* SelfProfileView.swift */,
				195087982CAF60ED00AB3EE3 /* ChangePasswordView.swift */,
				1950879C2CAF646800AB3EE3 /* ChangeEmailView.swift */,
				7C0B1FC72C9CB1950076B590 /* FriendProfileView.swift */,
				7C0B1FC92C9CB1AB0076B590 /* SettingsView.swift */,
				191745352CACBC9300ECC352 /* LoginView.swift */,
				7C0B1FCB2C9CB1C30076B590 /* ManageFriendsView.swift */,
				AAA11A542CAF64CC00445880 /* AddFriendsView.swift */,
			);
			path = Profile;
			sourceTree = "<group>";
		};
		B5B40E5A2C94EAE100BD9131 = {
			isa = PBXGroup;
			children = (
				B5B40E652C94EAE100BD9131 /* Loop */,
				B5B40E642C94EAE100BD9131 /* Products */,
			);
			sourceTree = "<group>";
		};
		B5B40E642C94EAE100BD9131 /* Products */ = {
			isa = PBXGroup;
			children = (
				B5B40E632C94EAE100BD9131 /* Loop.app */,
			);
			name = Products;
			sourceTree = "<group>";
		};
		B5B40E652C94EAE100BD9131 /* Loop */ = {
			isa = PBXGroup;
			children = (
				BF0FEFFD2CACE491002B4C58 /* Util */,
				7C0B1FC02C9CB06A0076B590 /* Models */,
				7C0B1FBF2C9CB0630076B590 /* ViewModels */,
				7C0B1FBE2C9CB05E0076B590 /* Views */,
				BF95889A2C99E6DC00FF34A1 /* GoogleService-Info.plist */,
				B5B40E662C94EAE100BD9131 /* LoopApp.swift */,
				B5B40E682C94EAE100BD9131 /* ContentView.swift */,
				B5B40E6A2C94EAE400BD9131 /* Assets.xcassets */,
				B5B40E6C2C94EAE400BD9131 /* Loop.entitlements */,
				B5B40E6D2C94EAE400BD9131 /* Preview Content */,
			);
			path = Loop;
			sourceTree = "<group>";
		};
		B5B40E6D2C94EAE400BD9131 /* Preview Content */ = {
			isa = PBXGroup;
			children = (
				B5B40E6E2C94EAE400BD9131 /* Preview Assets.xcassets */,
			);
			path = "Preview Content";
			sourceTree = "<group>";
		};
		BF0FEFFD2CACE491002B4C58 /* Util */ = {
			isa = PBXGroup;
			children = (
				E25FF94D2CA629C2006FF61C /* FirebaseUploader.swift */,
				E25FF94B2CA61DC2006FF61C /* ImagePicker.swift */,
			);
			path = Util;
			sourceTree = "<group>";
		};
		D49F42042CA20A62003607BB /* Models */ = {
			isa = PBXGroup;
			children = (
				D49F42052CA20A86003607BB /* Theme.swift */,
			);
			path = Models;
			sourceTree = "<group>";
		};
		DF1CD2AE2CACB97800451888 /* HomePage */ = {
			isa = PBXGroup;
			children = (
				DF1CD2AF2CACB98D00451888 /* FeedView.swift */,
			);
			path = HomePage;
			sourceTree = "<group>";
		};
/* End PBXGroup section */

/* Begin PBXNativeTarget section */
		B5B40E622C94EAE100BD9131 /* Loop */ = {
			isa = PBXNativeTarget;
			buildConfigurationList = B5B40E722C94EAE400BD9131 /* Build configuration list for PBXNativeTarget "Loop" */;
			buildPhases = (
				B5B40E5F2C94EAE100BD9131 /* Sources */,
				B5B40E602C94EAE100BD9131 /* Frameworks */,
				B5B40E612C94EAE100BD9131 /* Resources */,
			);
			buildRules = (
			);
			dependencies = (
			);
			name = Loop;
			packageProductDependencies = (
				BF95889D2C99E73100FF34A1 /* FirebaseAnalytics */,
				BF95889F2C99E73100FF34A1 /* FirebaseAuth */,
				BF9588A12C99E73100FF34A1 /* FirebaseDatabase */,
				BF9588A32C99E73100FF34A1 /* FirebaseFirestore */,
				BF9588A52C99E73100FF34A1 /* FirebaseStorage */,
			);
			productName = Loop;
			productReference = B5B40E632C94EAE100BD9131 /* Loop.app */;
			productType = "com.apple.product-type.application";
		};
/* End PBXNativeTarget section */

/* Begin PBXProject section */
		B5B40E5B2C94EAE100BD9131 /* Project object */ = {
			isa = PBXProject;
			attributes = {
				BuildIndependentTargetsInParallel = 1;
				LastSwiftUpdateCheck = 1540;
				LastUpgradeCheck = 1540;
				TargetAttributes = {
					B5B40E622C94EAE100BD9131 = {
						CreatedOnToolsVersion = 15.4;
					};
				};
			};
			buildConfigurationList = B5B40E5E2C94EAE100BD9131 /* Build configuration list for PBXProject "Loop" */;
			compatibilityVersion = "Xcode 14.0";
			developmentRegion = en;
			hasScannedForEncodings = 0;
			knownRegions = (
				en,
				Base,
			);
			mainGroup = B5B40E5A2C94EAE100BD9131;
			packageReferences = (
				BF95889C2C99E73100FF34A1 /* XCRemoteSwiftPackageReference "firebase-ios-sdk" */,
			);
			productRefGroup = B5B40E642C94EAE100BD9131 /* Products */;
			projectDirPath = "";
			projectRoot = "";
			targets = (
				B5B40E622C94EAE100BD9131 /* Loop */,
			);
		};
/* End PBXProject section */

/* Begin PBXResourcesBuildPhase section */
		B5B40E612C94EAE100BD9131 /* Resources */ = {
			isa = PBXResourcesBuildPhase;
			buildActionMask = 2147483647;
			files = (
				B5B40E6F2C94EAE400BD9131 /* Preview Assets.xcassets in Resources */,
				BF95889B2C99E6DC00FF34A1 /* GoogleService-Info.plist in Resources */,
				B5B40E6B2C94EAE400BD9131 /* Assets.xcassets in Resources */,
			);
			runOnlyForDeploymentPostprocessing = 0;
		};
/* End PBXResourcesBuildPhase section */

/* Begin PBXSourcesBuildPhase section */
		B5B40E5F2C94EAE100BD9131 /* Sources */ = {
			isa = PBXSourcesBuildPhase;
			buildActionMask = 2147483647;
			files = (
				7C0B1FDB2C9CE9270076B590 /* User.swift in Sources */,
				7C0B1FCA2C9CB1AB0076B590 /* SettingsView.swift in Sources */,
				7C0B1FCF2C9CB1F00076B590 /* HomeView.swift in Sources */,
				7C0B1FCC2C9CB1C30076B590 /* ManageFriendsView.swift in Sources */,
				D49F420A2CA20BCA003607BB /* Challenge.swift in Sources */,
				B5B40E692C94EAE100BD9131 /* ContentView.swift in Sources */,
				7C0B1FD72C9CB24E0076B590 /* ExploreChallengeView.swift in Sources */,
				195087992CAF60F900AB3EE3 /* ChangePasswordView.swift in Sources */,
				7C0B1FD12C9CB2050076B590 /* ChallengeListView.swift in Sources */,
				DF1CD2B02CACB98D00451888 /* FeedView.swift in Sources */,
				BF0FEFFA2CACA1E3002B4C58 /* Activity.swift in Sources */,
				DF1CD2B22CACB9C200451888 /* FeedViewModel.swift in Sources */,
				7C0B1FD32C9CB2110076B590 /* ChallengeView.swift in Sources */,
				96354F592CA38686003DD6F8 /* ChalLeaderboardView.swift in Sources */,
				E25FF94C2CA61DC2006FF61C /* ImagePicker.swift in Sources */,
				E25FF94E2CA629C2006FF61C /* FirebaseUploader.swift in Sources */,
				B5B40E672C94EAE100BD9131 /* LoopApp.swift in Sources */,
				7C0B1FC82C9CB1950076B590 /* FriendProfileView.swift in Sources */,
				7C0B1FD52C9CB2270076B590 /* CreateChallengeView.swift in Sources */,
				D49F42062CA20A86003607BB /* Theme.swift in Sources */,
				1950879D2CAF646C00AB3EE3 /* ChangeEmailView.swift in Sources */,
				7C0B1FD92C9CB61C0076B590 /* ViewModel.swift in Sources */,
				191745362CACBC9700ECC352 /* LoginView.swift in Sources */,
				D49F420C2CA20C03003607BB /* CardView.swift in Sources */,
				AAA11A552CAF64CC00445880 /* AddFriendsView.swift in Sources */,
				7C0B1FC62C9CB17E0076B590 /* SelfProfileView.swift in Sources */,
			);
			runOnlyForDeploymentPostprocessing = 0;
		};
/* End PBXSourcesBuildPhase section */

/* Begin XCBuildConfiguration section */
		B5B40E702C94EAE400BD9131 /* Debug */ = {
			isa = XCBuildConfiguration;
			buildSettings = {
				ALWAYS_SEARCH_USER_PATHS = NO;
				ASSETCATALOG_COMPILER_GENERATE_SWIFT_ASSET_SYMBOL_EXTENSIONS = YES;
				CLANG_ANALYZER_NONNULL = YES;
				CLANG_ANALYZER_NUMBER_OBJECT_CONVERSION = YES_AGGRESSIVE;
				CLANG_CXX_LANGUAGE_STANDARD = "gnu++20";
				CLANG_ENABLE_MODULES = YES;
				CLANG_ENABLE_OBJC_ARC = YES;
				CLANG_ENABLE_OBJC_WEAK = YES;
				CLANG_WARN_BLOCK_CAPTURE_AUTORELEASING = YES;
				CLANG_WARN_BOOL_CONVERSION = YES;
				CLANG_WARN_COMMA = YES;
				CLANG_WARN_CONSTANT_CONVERSION = YES;
				CLANG_WARN_DEPRECATED_OBJC_IMPLEMENTATIONS = YES;
				CLANG_WARN_DIRECT_OBJC_ISA_USAGE = YES_ERROR;
				CLANG_WARN_DOCUMENTATION_COMMENTS = YES;
				CLANG_WARN_EMPTY_BODY = YES;
				CLANG_WARN_ENUM_CONVERSION = YES;
				CLANG_WARN_INFINITE_RECURSION = YES;
				CLANG_WARN_INT_CONVERSION = YES;
				CLANG_WARN_NON_LITERAL_NULL_CONVERSION = YES;
				CLANG_WARN_OBJC_IMPLICIT_RETAIN_SELF = YES;
				CLANG_WARN_OBJC_LITERAL_CONVERSION = YES;
				CLANG_WARN_OBJC_ROOT_CLASS = YES_ERROR;
				CLANG_WARN_QUOTED_INCLUDE_IN_FRAMEWORK_HEADER = YES;
				CLANG_WARN_RANGE_LOOP_ANALYSIS = YES;
				CLANG_WARN_STRICT_PROTOTYPES = YES;
				CLANG_WARN_SUSPICIOUS_MOVE = YES;
				CLANG_WARN_UNGUARDED_AVAILABILITY = YES_AGGRESSIVE;
				CLANG_WARN_UNREACHABLE_CODE = YES;
				CLANG_WARN__DUPLICATE_METHOD_MATCH = YES;
				COPY_PHASE_STRIP = NO;
				DEBUG_INFORMATION_FORMAT = dwarf;
				ENABLE_STRICT_OBJC_MSGSEND = YES;
				ENABLE_TESTABILITY = YES;
				ENABLE_USER_SCRIPT_SANDBOXING = YES;
				GCC_C_LANGUAGE_STANDARD = gnu17;
				GCC_DYNAMIC_NO_PIC = NO;
				GCC_NO_COMMON_BLOCKS = YES;
				GCC_OPTIMIZATION_LEVEL = 0;
				GCC_PREPROCESSOR_DEFINITIONS = (
					"DEBUG=1",
					"$(inherited)",
				);
				GCC_WARN_64_TO_32_BIT_CONVERSION = YES;
				GCC_WARN_ABOUT_RETURN_TYPE = YES_ERROR;
				GCC_WARN_UNDECLARED_SELECTOR = YES;
				GCC_WARN_UNINITIALIZED_AUTOS = YES_AGGRESSIVE;
				GCC_WARN_UNUSED_FUNCTION = YES;
				GCC_WARN_UNUSED_VARIABLE = YES;
				LOCALIZATION_PREFERS_STRING_CATALOGS = YES;
				MTL_ENABLE_DEBUG_INFO = INCLUDE_SOURCE;
				MTL_FAST_MATH = YES;
				ONLY_ACTIVE_ARCH = YES;
				SWIFT_ACTIVE_COMPILATION_CONDITIONS = "DEBUG $(inherited)";
				SWIFT_OPTIMIZATION_LEVEL = "-Onone";
			};
			name = Debug;
		};
		B5B40E712C94EAE400BD9131 /* Release */ = {
			isa = XCBuildConfiguration;
			buildSettings = {
				ALWAYS_SEARCH_USER_PATHS = NO;
				ASSETCATALOG_COMPILER_GENERATE_SWIFT_ASSET_SYMBOL_EXTENSIONS = YES;
				CLANG_ANALYZER_NONNULL = YES;
				CLANG_ANALYZER_NUMBER_OBJECT_CONVERSION = YES_AGGRESSIVE;
				CLANG_CXX_LANGUAGE_STANDARD = "gnu++20";
				CLANG_ENABLE_MODULES = YES;
				CLANG_ENABLE_OBJC_ARC = YES;
				CLANG_ENABLE_OBJC_WEAK = YES;
				CLANG_WARN_BLOCK_CAPTURE_AUTORELEASING = YES;
				CLANG_WARN_BOOL_CONVERSION = YES;
				CLANG_WARN_COMMA = YES;
				CLANG_WARN_CONSTANT_CONVERSION = YES;
				CLANG_WARN_DEPRECATED_OBJC_IMPLEMENTATIONS = YES;
				CLANG_WARN_DIRECT_OBJC_ISA_USAGE = YES_ERROR;
				CLANG_WARN_DOCUMENTATION_COMMENTS = YES;
				CLANG_WARN_EMPTY_BODY = YES;
				CLANG_WARN_ENUM_CONVERSION = YES;
				CLANG_WARN_INFINITE_RECURSION = YES;
				CLANG_WARN_INT_CONVERSION = YES;
				CLANG_WARN_NON_LITERAL_NULL_CONVERSION = YES;
				CLANG_WARN_OBJC_IMPLICIT_RETAIN_SELF = YES;
				CLANG_WARN_OBJC_LITERAL_CONVERSION = YES;
				CLANG_WARN_OBJC_ROOT_CLASS = YES_ERROR;
				CLANG_WARN_QUOTED_INCLUDE_IN_FRAMEWORK_HEADER = YES;
				CLANG_WARN_RANGE_LOOP_ANALYSIS = YES;
				CLANG_WARN_STRICT_PROTOTYPES = YES;
				CLANG_WARN_SUSPICIOUS_MOVE = YES;
				CLANG_WARN_UNGUARDED_AVAILABILITY = YES_AGGRESSIVE;
				CLANG_WARN_UNREACHABLE_CODE = YES;
				CLANG_WARN__DUPLICATE_METHOD_MATCH = YES;
				COPY_PHASE_STRIP = NO;
				DEBUG_INFORMATION_FORMAT = "dwarf-with-dsym";
				ENABLE_NS_ASSERTIONS = NO;
				ENABLE_STRICT_OBJC_MSGSEND = YES;
				ENABLE_USER_SCRIPT_SANDBOXING = YES;
				GCC_C_LANGUAGE_STANDARD = gnu17;
				GCC_NO_COMMON_BLOCKS = YES;
				GCC_WARN_64_TO_32_BIT_CONVERSION = YES;
				GCC_WARN_ABOUT_RETURN_TYPE = YES_ERROR;
				GCC_WARN_UNDECLARED_SELECTOR = YES;
				GCC_WARN_UNINITIALIZED_AUTOS = YES_AGGRESSIVE;
				GCC_WARN_UNUSED_FUNCTION = YES;
				GCC_WARN_UNUSED_VARIABLE = YES;
				LOCALIZATION_PREFERS_STRING_CATALOGS = YES;
				MTL_ENABLE_DEBUG_INFO = NO;
				MTL_FAST_MATH = YES;
				SWIFT_COMPILATION_MODE = wholemodule;
			};
			name = Release;
		};
		B5B40E732C94EAE400BD9131 /* Debug */ = {
			isa = XCBuildConfiguration;
			buildSettings = {
				ASSETCATALOG_COMPILER_APPICON_NAME = AppIcon;
				ASSETCATALOG_COMPILER_GLOBAL_ACCENT_COLOR_NAME = AccentColor;
				CODE_SIGN_ENTITLEMENTS = Loop/Loop.entitlements;
				CODE_SIGN_STYLE = Automatic;
				CURRENT_PROJECT_VERSION = 1;
				DEVELOPMENT_ASSET_PATHS = "\"Loop/Preview Content\"";
				DEVELOPMENT_TEAM = YN82V53CTG;
				ENABLE_HARDENED_RUNTIME = YES;
				ENABLE_PREVIEWS = YES;
				GENERATE_INFOPLIST_FILE = YES;
				"INFOPLIST_KEY_UIApplicationSceneManifest_Generation[sdk=iphoneos*]" = YES;
				"INFOPLIST_KEY_UIApplicationSceneManifest_Generation[sdk=iphonesimulator*]" = YES;
				"INFOPLIST_KEY_UIApplicationSupportsIndirectInputEvents[sdk=iphoneos*]" = YES;
				"INFOPLIST_KEY_UIApplicationSupportsIndirectInputEvents[sdk=iphonesimulator*]" = YES;
				"INFOPLIST_KEY_UILaunchScreen_Generation[sdk=iphoneos*]" = YES;
				"INFOPLIST_KEY_UILaunchScreen_Generation[sdk=iphonesimulator*]" = YES;
				"INFOPLIST_KEY_UIStatusBarStyle[sdk=iphoneos*]" = UIStatusBarStyleDefault;
				"INFOPLIST_KEY_UIStatusBarStyle[sdk=iphonesimulator*]" = UIStatusBarStyleDefault;
				INFOPLIST_KEY_UISupportedInterfaceOrientations_iPad = "UIInterfaceOrientationPortrait UIInterfaceOrientationPortraitUpsideDown UIInterfaceOrientationLandscapeLeft UIInterfaceOrientationLandscapeRight";
				INFOPLIST_KEY_UISupportedInterfaceOrientations_iPhone = "UIInterfaceOrientationPortrait UIInterfaceOrientationLandscapeLeft UIInterfaceOrientationLandscapeRight";
				IPHONEOS_DEPLOYMENT_TARGET = 17.5;
				LD_RUNPATH_SEARCH_PATHS = "@executable_path/Frameworks";
				"LD_RUNPATH_SEARCH_PATHS[sdk=macosx*]" = "@executable_path/../Frameworks";
				MACOSX_DEPLOYMENT_TARGET = 14.5;
				MARKETING_VERSION = 1.0;
				PRODUCT_BUNDLE_IDENTIFIER = dannyByrd123.Loop;
				PRODUCT_NAME = "$(TARGET_NAME)";
				SDKROOT = auto;
				SUPPORTED_PLATFORMS = "iphoneos iphonesimulator";
				SUPPORTS_MACCATALYST = NO;
				SWIFT_EMIT_LOC_STRINGS = YES;
				SWIFT_VERSION = 5.0;
				TARGETED_DEVICE_FAMILY = 1;
			};
			name = Debug;
		};
		B5B40E742C94EAE400BD9131 /* Release */ = {
			isa = XCBuildConfiguration;
			buildSettings = {
				ASSETCATALOG_COMPILER_APPICON_NAME = AppIcon;
				ASSETCATALOG_COMPILER_GLOBAL_ACCENT_COLOR_NAME = AccentColor;
				CODE_SIGN_ENTITLEMENTS = Loop/Loop.entitlements;
				CODE_SIGN_STYLE = Automatic;
				CURRENT_PROJECT_VERSION = 1;
				DEVELOPMENT_ASSET_PATHS = "\"Loop/Preview Content\"";
				DEVELOPMENT_TEAM = YN82V53CTG;
				ENABLE_HARDENED_RUNTIME = YES;
				ENABLE_PREVIEWS = YES;
				GENERATE_INFOPLIST_FILE = YES;
				"INFOPLIST_KEY_UIApplicationSceneManifest_Generation[sdk=iphoneos*]" = YES;
				"INFOPLIST_KEY_UIApplicationSceneManifest_Generation[sdk=iphonesimulator*]" = YES;
				"INFOPLIST_KEY_UIApplicationSupportsIndirectInputEvents[sdk=iphoneos*]" = YES;
				"INFOPLIST_KEY_UIApplicationSupportsIndirectInputEvents[sdk=iphonesimulator*]" = YES;
				"INFOPLIST_KEY_UILaunchScreen_Generation[sdk=iphoneos*]" = YES;
				"INFOPLIST_KEY_UILaunchScreen_Generation[sdk=iphonesimulator*]" = YES;
				"INFOPLIST_KEY_UIStatusBarStyle[sdk=iphoneos*]" = UIStatusBarStyleDefault;
				"INFOPLIST_KEY_UIStatusBarStyle[sdk=iphonesimulator*]" = UIStatusBarStyleDefault;
				INFOPLIST_KEY_UISupportedInterfaceOrientations_iPad = "UIInterfaceOrientationPortrait UIInterfaceOrientationPortraitUpsideDown UIInterfaceOrientationLandscapeLeft UIInterfaceOrientationLandscapeRight";
				INFOPLIST_KEY_UISupportedInterfaceOrientations_iPhone = "UIInterfaceOrientationPortrait UIInterfaceOrientationLandscapeLeft UIInterfaceOrientationLandscapeRight";
				IPHONEOS_DEPLOYMENT_TARGET = 17.5;
				LD_RUNPATH_SEARCH_PATHS = "@executable_path/Frameworks";
				"LD_RUNPATH_SEARCH_PATHS[sdk=macosx*]" = "@executable_path/../Frameworks";
				MACOSX_DEPLOYMENT_TARGET = 14.5;
				MARKETING_VERSION = 1.0;
				PRODUCT_BUNDLE_IDENTIFIER = dannyByrd123.Loop;
				PRODUCT_NAME = "$(TARGET_NAME)";
				SDKROOT = auto;
				SUPPORTED_PLATFORMS = "iphoneos iphonesimulator";
				SUPPORTS_MACCATALYST = NO;
				SWIFT_EMIT_LOC_STRINGS = YES;
				SWIFT_VERSION = 5.0;
				TARGETED_DEVICE_FAMILY = 1;
			};
			name = Release;
		};
/* End XCBuildConfiguration section */

/* Begin XCConfigurationList section */
		B5B40E5E2C94EAE100BD9131 /* Build configuration list for PBXProject "Loop" */ = {
			isa = XCConfigurationList;
			buildConfigurations = (
				B5B40E702C94EAE400BD9131 /* Debug */,
				B5B40E712C94EAE400BD9131 /* Release */,
			);
			defaultConfigurationIsVisible = 0;
			defaultConfigurationName = Release;
		};
		B5B40E722C94EAE400BD9131 /* Build configuration list for PBXNativeTarget "Loop" */ = {
			isa = XCConfigurationList;
			buildConfigurations = (
				B5B40E732C94EAE400BD9131 /* Debug */,
				B5B40E742C94EAE400BD9131 /* Release */,
			);
			defaultConfigurationIsVisible = 0;
			defaultConfigurationName = Release;
		};
/* End XCConfigurationList section */

/* Begin XCRemoteSwiftPackageReference section */
		BF95889C2C99E73100FF34A1 /* XCRemoteSwiftPackageReference "firebase-ios-sdk" */ = {
			isa = XCRemoteSwiftPackageReference;
			repositoryURL = "https://github.com/firebase/firebase-ios-sdk";
			requirement = {
				kind = upToNextMajorVersion;
				minimumVersion = 11.2.0;
			};
		};
/* End XCRemoteSwiftPackageReference section */

/* Begin XCSwiftPackageProductDependency section */
		BF95889D2C99E73100FF34A1 /* FirebaseAnalytics */ = {
			isa = XCSwiftPackageProductDependency;
			package = BF95889C2C99E73100FF34A1 /* XCRemoteSwiftPackageReference "firebase-ios-sdk" */;
			productName = FirebaseAnalytics;
		};
		BF95889F2C99E73100FF34A1 /* FirebaseAuth */ = {
			isa = XCSwiftPackageProductDependency;
			package = BF95889C2C99E73100FF34A1 /* XCRemoteSwiftPackageReference "firebase-ios-sdk" */;
			productName = FirebaseAuth;
		};
		BF9588A12C99E73100FF34A1 /* FirebaseDatabase */ = {
			isa = XCSwiftPackageProductDependency;
			package = BF95889C2C99E73100FF34A1 /* XCRemoteSwiftPackageReference "firebase-ios-sdk" */;
			productName = FirebaseDatabase;
		};
		BF9588A32C99E73100FF34A1 /* FirebaseFirestore */ = {
			isa = XCSwiftPackageProductDependency;
			package = BF95889C2C99E73100FF34A1 /* XCRemoteSwiftPackageReference "firebase-ios-sdk" */;
			productName = FirebaseFirestore;
		};
		BF9588A52C99E73100FF34A1 /* FirebaseStorage */ = {
			isa = XCSwiftPackageProductDependency;
			package = BF95889C2C99E73100FF34A1 /* XCRemoteSwiftPackageReference "firebase-ios-sdk" */;
			productName = FirebaseStorage;
		};
/* End XCSwiftPackageProductDependency section */
	};
	rootObject = B5B40E5B2C94EAE100BD9131 /* Project object */;
}
